
Microsoft Visual Studio Solution File, Format Version 12.00
# Visual Studio Version 17
VisualStudioVersion = 17.6.33723.286
MinimumVisualStudioVersion = 10.0.40219.1
Project("{FAE04EC0-301F-11D3-BF4B-00C04F79EFBC}") = "DataAccess", "DataAccess\DataAccess.csproj", "{67D4BE91-D0C6-4B7D-A08A-7E751202C8F7}"
EndProject
Project("{FAE04EC0-301F-11D3-BF4B-00C04F79EFBC}") = "Business", "Business\Business.csproj", "{587E405A-F614-449E-90B6-3C778F013032}"
EndProject
Project("{FAE04EC0-301F-11D3-BF4B-00C04F79EFBC}") = "Entities", "Entities\Entities.csproj", "{F397DF30-7EB7-4BF5-98FF-62478B2D25BB}"
EndProject
Project("{FAE04EC0-301F-11D3-BF4B-00C04F79EFBC}") = "ConsoleUI", "ConsoleUI\ConsoleUI.csproj", "{A36C50BD-E12D-4671-B580-F71FF715D28B}"
EndProject
Global
	GlobalSection(SolutionConfigurationPlatforms) = preSolution
		Debug|Any CPU = Debug|Any CPU
		Release|Any CPU = Release|Any CPU
	EndGlobalSection
	GlobalSection(ProjectConfigurationPlatforms) = postSolution
		{67D4BE91-D0C6-4B7D-A08A-7E751202C8F7}.Debug|Any CPU.ActiveCfg = Debug|Any CPU
		{67D4BE91-D0C6-4B7D-A08A-7E751202C8F7}.Debug|Any CPU.Build.0 = Debug|Any CPU
		{67D4BE91-D0C6-4B7D-A08A-7E751202C8F7}.Release|Any CPU.ActiveCfg = Release|Any CPU
		{67D4BE91-D0C6-4B7D-A08A-7E751202C8F7}.Release|Any CPU.Build.0 = Release|Any CPU
		{587E405A-F614-449E-90B6-3C778F013032}.Debug|Any CPU.ActiveCfg = Debug|Any CPU
		{587E405A-F614-449E-90B6-3C778F013032}.Debug|Any CPU.Build.0 = Debug|Any CPU
		{587E405A-F614-449E-90B6-3C778F013032}.Release|Any CPU.ActiveCfg = Release|Any CPU
		{587E405A-F614-449E-90B6-3C778F013032}.Release|Any CPU.Build.0 = Release|Any CPU
		{F397DF30-7EB7-4BF5-98FF-62478B2D25BB}.Debug|Any CPU.ActiveCfg = Debug|Any CPU
		{F397DF30-7EB7-4BF5-98FF-62478B2D25BB}.Debug|Any CPU.Build.0 = Debug|Any CPU
		{F397DF30-7EB7-4BF5-98FF-62478B2D25BB}.Release|Any CPU.ActiveCfg = Release|Any CPU
		{F397DF30-7EB7-4BF5-98FF-62478B2D25BB}.Release|Any CPU.Build.0 = Release|Any CPU
		{A36C50BD-E12D-4671-B580-F71FF715D28B}.Debug|Any CPU.ActiveCfg = Debug|Any CPU
		{A36C50BD-E12D-4671-B580-F71FF715D28B}.Debug|Any CPU.Build.0 = Debug|Any CPU
		{A36C50BD-E12D-4671-B580-F71FF715D28B}.Release|Any CPU.ActiveCfg = Release|Any CPU
		{A36C50BD-E12D-4671-B580-F71FF715D28B}.Release|Any CPU.Build.0 = Release|Any CPU
	EndGlobalSection
	GlobalSection(SolutionProperties) = preSolution
		HideSolutionNode = FALSE
	EndGlobalSection
	GlobalSection(ExtensibilityGlobals) = postSolution
		SolutionGuid = {DDBA86FD-6BBD-4419-84F1-C00C4ED7539F}
	EndGlobalSection
EndGlobal
